
Microsoft Visual Studio Solution File, Format Version 12.00
# Visual Studio Version 17
VisualStudioVersion = 17.5.33414.496
MinimumVisualStudioVersion = 10.0.40219.1
Project("{FAE04EC0-301F-11D3-BF4B-00C04F79EFBC}") = "CalatoriaMagica", "CalatoriaMagica\CalatoriaMagica.csproj", "{7C5C3DB5-8511-4965-824D-89012E52841E}"
EndProject
Global
	GlobalSection(SolutionConfigurationPlatforms) = preSolution
		Debug|Any CPU = Debug|Any CPU
		Release|Any CPU = Release|Any CPU
	EndGlobalSection
	GlobalSection(ProjectConfigurationPlatforms) = postSolution
		{7C5C3DB5-8511-4965-824D-89012E52841E}.Debug|Any CPU.ActiveCfg = Debug|Any CPU
		{7C5C3DB5-8511-4965-824D-89012E52841E}.Debug|Any CPU.Build.0 = Debug|Any CPU
		{7C5C3DB5-8511-4965-824D-89012E52841E}.Release|Any CPU.ActiveCfg = Release|Any CPU
		{7C5C3DB5-8511-4965-824D-89012E52841E}.Release|Any CPU.Build.0 = Release|Any CPU
	EndGlobalSection
	GlobalSection(SolutionProperties) = preSolution
		HideSolutionNode = FALSE
	EndGlobalSection
	GlobalSection(ExtensibilityGlobals) = postSolution
		SolutionGuid = {DA34C657-97D9-4A50-81B0-68F79AA3A944}
	EndGlobalSection
EndGlobal
